
Microsoft Visual Studio Solution File, Format Version 12.00
# Visual Studio Version 17
VisualStudioVersion = 17.7.34024.191
MinimumVisualStudioVersion = 10.0.40219.1
Project("{FAE04EC0-301F-11D3-BF4B-00C04F79EFBC}") = "CircleArea", "CircleArea.csproj", "{3E376ABE-1DDD-48CF-853B-1853D2B1B2D8}"
EndProject
Global
	GlobalSection(SolutionConfigurationPlatforms) = preSolution
		Debug|Any CPU = Debug|Any CPU
		Release|Any CPU = Release|Any CPU
	EndGlobalSection
	GlobalSection(ProjectConfigurationPlatforms) = postSolution
		{3E376ABE-1DDD-48CF-853B-1853D2B1B2D8}.Debug|Any CPU.ActiveCfg = Debug|Any CPU
		{3E376ABE-1DDD-48CF-853B-1853D2B1B2D8}.Debug|Any CPU.Build.0 = Debug|Any CPU
		{3E376ABE-1DDD-48CF-853B-1853D2B1B2D8}.Release|Any CPU.ActiveCfg = Release|Any CPU
		{3E376ABE-1DDD-48CF-853B-1853D2B1B2D8}.Release|Any CPU.Build.0 = Release|Any CPU
	EndGlobalSection
	GlobalSection(SolutionProperties) = preSolution
		HideSolutionNode = FALSE
	EndGlobalSection
	GlobalSection(ExtensibilityGlobals) = postSolution
		SolutionGuid = {1CD4E7B5-C97D-4FE4-A9DD-2F8B5282344C}
	EndGlobalSection
EndGlobal
